{
  "projects": [
    {
      "projectId": "iTJnNP8tTWeqztkYCLWG3v",
      "version": "latest",
      "dependencies": {},
      "lang": "ts",
      "fileLocks": [
        {
          "type": "globalVariant",
          "assetId": "UfZI0tD8PwcEad",
          "checksum": "706c8e7a11a1530b5a9e62d2181a5d23"
        },
        {
          "type": "renderModule",
          "assetId": "mm3MDMqsMdU7b",
          "checksum": "1ccce77dea156be1ce5be1d6dd28b3e1"
        },
        {
          "type": "cssRules",
          "assetId": "mm3MDMqsMdU7b",
          "checksum": "1ccce77dea156be1ce5be1d6dd28b3e1"
        },
        {
          "type": "renderModule",
          "assetId": "eCPhM4H2AW",
          "checksum": "760d39c758e341ae91769c8398df4c0b"
        },
        {
          "type": "cssRules",
          "assetId": "eCPhM4H2AW",
          "checksum": "760d39c758e341ae91769c8398df4c0b"
        },
        {
          "type": "renderModule",
          "assetId": "BHBxKjySiY",
          "checksum": "e91486d49de104e94414ea8fc300947a"
        },
        {
          "type": "cssRules",
          "assetId": "BHBxKjySiY",
          "checksum": "e91486d49de104e94414ea8fc300947a"
        },
        {
          "type": "renderModule",
          "assetId": "hNBe8CGvMSl",
          "checksum": "7897d45963e5dbc1cb55d83dc3899edb"
        },
        {
          "type": "cssRules",
          "assetId": "hNBe8CGvMSl",
          "checksum": "7897d45963e5dbc1cb55d83dc3899edb"
        },
        {
          "type": "renderModule",
          "assetId": "0sKOrKoeNa",
          "checksum": "63b9acef90898df94d9b9e737976f932"
        },
        {
          "type": "cssRules",
          "assetId": "0sKOrKoeNa",
          "checksum": "63b9acef90898df94d9b9e737976f932"
        },
        {
          "type": "renderModule",
          "assetId": "uZPn8ps5Tw",
          "checksum": "dea7ecf33cfcd4dc30800e66d0e59d65"
        },
        {
          "type": "cssRules",
          "assetId": "uZPn8ps5Tw",
          "checksum": "dea7ecf33cfcd4dc30800e66d0e59d65"
        },
        {
          "type": "icon",
          "assetId": "t0RFwlkFx",
          "checksum": "5f8afbac11583f6026500e2bfd6b0f59"
        },
        {
          "type": "icon",
          "assetId": "_BAnEXFX-aP",
          "checksum": "91810696322ae0425ce4a096a4daf943"
        },
        {
          "type": "icon",
          "assetId": "31UAxQ8ZIvu",
          "checksum": "1ea4f747edaca4ff2cbf8d12f1edba88"
        },
        {
          "type": "icon",
          "assetId": "4TEsGPev0",
          "checksum": "efb1cb7ea85f11a8ec55c0492aeeb1e0"
        },
        {
          "type": "icon",
          "assetId": "HzrXeJxGv",
          "checksum": "9b9ac42f6a55f7c2b96107e2388d2723"
        },
        {
          "type": "image",
          "assetId": "Tpe1HfGPL",
          "checksum": "0f24ad71cf3dcd834911b8d49de6f461"
        },
        {
          "type": "image",
          "assetId": "o-kIyPLBt",
          "checksum": "0ea54515de2684cd862dbe39719ca3db"
        },
        {
          "type": "image",
          "assetId": "D4jC_Yh4U",
          "checksum": "b2234221063d237c8d65761326bdd8f9"
        },
        {
          "type": "image",
          "assetId": "aMTkDxl8T",
          "checksum": "936e5723561125655797d23da9d67bd7"
        },
        {
          "type": "image",
          "assetId": "2PiMTFLuV",
          "checksum": "72fe8ea69791dfc628c1dda7700c3b16"
        },
        {
          "type": "image",
          "assetId": "KAcEPosv4",
          "checksum": "349ce9427fce43ceceee7869f679194a"
        },
        {
          "type": "image",
          "assetId": "gl36Xgd-Y",
          "checksum": "832b3687a25ba7c62488068cbfb14b6c"
        },
        {
          "type": "image",
          "assetId": "Pg6IigmVm",
          "checksum": "a9bbdb553d4693aa585c6b1650091554"
        },
        {
          "type": "image",
          "assetId": "ddfctTQeb",
          "checksum": "d74b73a1f9666291364f1430e03f3beb"
        },
        {
          "type": "image",
          "assetId": "IeEepUTT6",
          "checksum": "df00c8c2843e4fe96c5e8b5a9265cbc5"
        },
        {
          "type": "image",
          "assetId": "w6CskoqFQ",
          "checksum": "0953b71c89fa2854d8051e65e5df4835"
        },
        {
          "type": "image",
          "assetId": "NWW6g7gfL",
          "checksum": "ac0a5f9e58602f7e567270b95ba24a34"
        },
        {
          "type": "image",
          "assetId": "QFpj8-ypR",
          "checksum": "3e04960ef45201454a4613eb2c463bc9"
        },
        {
          "type": "image",
          "assetId": "aJpoFsIz6",
          "checksum": "d6c858fd0b3edcf71341e40651a9988b"
        },
        {
          "type": "image",
          "assetId": "SpJA7SEgM",
          "checksum": "a3c2a8602309d4df0f40bf5340a1d442"
        },
        {
          "type": "image",
          "assetId": "HcRCbGUqb",
          "checksum": "cc358d8988f410586efdea8aa2cc7601"
        },
        {
          "type": "renderModule",
          "assetId": "0cmKFzdKwJR",
          "checksum": "801df1a2023834c4b37d74a7371ba9b4"
        },
        {
          "type": "cssRules",
          "assetId": "0cmKFzdKwJR",
          "checksum": "801df1a2023834c4b37d74a7371ba9b4"
        },
        {
          "assetId": "iTJnNP8tTWeqztkYCLWG3v",
          "type": "projectCss",
          "checksum": "000de2e60bf3f49662276fb43856bb31"
        }
      ],
      "codegenVersion": "0.0.1"
    },
    {
      "projectId": "ohDidvG9XsCeFumugENU3J",
      "version": "4.6.0",
      "dependencies": {},
      "lang": "ts",
      "fileLocks": [
        {
          "assetId": "ohDidvG9XsCeFumugENU3J",
          "type": "projectCss",
          "checksum": "fd83b730367fdbde2c69bc6cf31c2a3c"
        },
        {
          "assetId": "ohDidvG9XsCeFumugENU3J",
          "checksum": "8f45a75070e2f0edc34a4dc3d5f6b736",
          "type": "globalContexts"
        }
      ],
      "codegenVersion": "0.0.1"
    }
  ],
  "cliVersion": "0.1.294"
}